{
  "name": "package-sitter-becomes",
  "lockfileVersion": 3,
  "requires": true,
  "packages": {
    "": {
      "name": "package-sitter-becomes",
      "dependencies": {
        "becomes": "0.1.0"
      }
    },
    "node_modules/becomes": {
      "version": "0.1.0",
      "resolved": "https://registry.npmjs.org/becomes/-/becomes-0.1.0.tgz",
      "integrity": "sha512-N+/AAW3uhnX2FUIfahTgAiOlqlIcyg/o8qGyc+awOWl3Y0Xq2y904U/pjepmwOuQZKzv+1mb7VpsoAUCvrGsPQ==",
      "license": "MIT"
    }
  }
}
