{
  "name": "package-sitter-becomes",
  "lockfileVersion": 3,
  "requires": true,
  "packages": {
    "": {
      "name": "package-sitter-becomes",
      "dependencies": {
        "becomes": "0.1.1"
      }
    },
    "node_modules/becomes": {
      "version": "0.1.1",
      "resolved": "https://registry.npmjs.org/becomes/-/becomes-0.1.1.tgz",
      "integrity": "sha512-ft70nVF6jw4Jq4Knu3C8MLnt+jm9bIBuzJNQLfyxvNLSAp7ftmfvXC9nUi0GYDPR0W3DOzrnmcyjpNvAtDggsw==",
      "license": "MIT"
    }
  }
}
