{
  "name": "package-sitter",
  "version": "1.0.0",
  "lockfileVersion": 3,
  "requires": true,
  "packages": {
    "": {
      "name": "package-sitter",
      "version": "1.0.0",
      "license": "MIT"
    },
    "vendor/showdown": {
      "version": "2.1.1",
      "extraneous": true,
      "license": "MIT",
      "dependencies": {
        "markdown-it": "^14.1.1"
      }
    }
  }
}
