{
  "name": "package-sitter-correlation-vector",
  "lockfileVersion": 3,
  "requires": true,
  "packages": {
    "": {
      "name": "package-sitter-correlation-vector",
      "dependencies": {
        "correlation-vector": "0.0.5"
      }
    },
    "node_modules/correlation-vector": {
      "version": "0.0.5",
      "resolved": "https://registry.npmjs.org/correlation-vector/-/correlation-vector-0.0.5.tgz",
      "integrity": "sha512-jgARbhErMlAnRQDZzRBaL739D7tnaQZrjxnBFexDSbqojp9QkyE66vFmx+s8CpbEADwe97ChmyZVKV6olkYPjA==",
      "license": "MIT"
    }
  }
}
