{
  "name": "package-sitter-correlation-vector",
  "lockfileVersion": 3,
  "requires": true,
  "packages": {
    "": {
      "name": "package-sitter-correlation-vector",
      "dependencies": {
        "correlation-vector": "0.0.3"
      }
    },
    "node_modules/correlation-vector": {
      "version": "0.0.3",
      "resolved": "https://registry.npmjs.org/correlation-vector/-/correlation-vector-0.0.3.tgz",
      "integrity": "sha512-n/zyCcnbAQWKCx341XpOBaUUiKNAYlL5UlBgVGKF/XNloOWwKTDfkBmG/o2X6DB7WqbjlwRSSh66SKqkS3YDTg==",
      "license": "MIT"
    }
  }
}
