{
  "name": "package-sitter-sibylline",
  "lockfileVersion": 3,
  "requires": true,
  "packages": {
    "": {
      "name": "package-sitter-sibylline",
      "dependencies": {
        "sibylline": "0.0.3"
      }
    },
    "node_modules/moment": {
      "version": "2.31.0",
      "resolved": "https://registry.npmjs.org/moment/-/moment-2.31.0.tgz",
      "integrity": "sha512-0acOTfMiWOheYS4eoWb80yYMb/JLvVv9SHbs2PehaDzfUG0Bw855SKyk0IKTnPGa5+U2bmi3W68l1+sGLX/pvw==",
      "license": "MIT",
      "engines": {
        "node": "*"
      }
    },
    "node_modules/sibylline": {
      "version": "0.0.3",
      "resolved": "https://registry.npmjs.org/sibylline/-/sibylline-0.0.3.tgz",
      "integrity": "sha512-XRhY7YBGDnGj9ScS5NBABC9R1CvVB33Hr4KwJO62uY+VwWahdxowAxcQ0nIBWI74w2ydzMphu7T+Wens+KbVyg==",
      "license": "MIT",
      "dependencies": {
        "moment": "^2.30.1"
      }
    }
  }
}
