{
  "name": "package-sitter-apposite",
  "lockfileVersion": 3,
  "requires": true,
  "packages": {
    "": {
      "name": "package-sitter-apposite",
      "dependencies": {
        "apposite": "0.0.4"
      }
    },
    "node_modules/apposite": {
      "version": "0.0.4",
      "resolved": "https://registry.npmjs.org/apposite/-/apposite-0.0.4.tgz",
      "integrity": "sha512-zZsdV5/HbHqQQgCP4e9NxuCrCwq1fBJb2faf9mb76XriiW/XzcurqHMsGEy5P73j7vlekI4INenBILM92nb3iQ==",
      "license": "MIT"
    }
  }
}
