{
  "name": "package-sitter-louk",
  "lockfileVersion": 3,
  "requires": true,
  "packages": {
    "": {
      "name": "package-sitter-louk",
      "dependencies": {
        "louk": "2.0.14"
      }
    },
    "node_modules/louk": {
      "version": "2.0.14",
      "resolved": "https://registry.npmjs.org/louk/-/louk-2.0.14.tgz",
      "integrity": "sha512-5VaqGs9+c6Ilso+YXkbg4xu8znXUmg1i3hZYV3jm6MWHlsOXBFKY5q6dUMrCSzgQUEr24ozNGlt6xTYEtuK6Eg==",
      "deprecated": "Package no longer supported. Contact Support at https://www.npmjs.com/support for more info.",
      "license": "MIT"
    }
  }
}
