{
  "name": "package-sitter-fill-in-the-blank",
  "lockfileVersion": 3,
  "requires": true,
  "packages": {
    "": {
      "name": "package-sitter-fill-in-the-blank",
      "dependencies": {
        "fill-in-the-blank": "0.0.6"
      }
    },
    "node_modules/fill-in-the-blank": {
      "version": "0.0.6",
      "resolved": "https://registry.npmjs.org/fill-in-the-blank/-/fill-in-the-blank-0.0.6.tgz",
      "integrity": "sha512-ljH+wHVaFlCs/HL03Q0kbF6oRSOyzHpwGdaEka6jmMorn4fhx3o1dzOE7PkuMZxMr4EiKtoVtb6IAXeyYqCKWA==",
      "license": "MIT"
    }
  }
}
