{
  "name": "package-sitter-fill-in-the-blank",
  "lockfileVersion": 3,
  "requires": true,
  "packages": {
    "": {
      "name": "package-sitter-fill-in-the-blank",
      "dependencies": {
        "fill-in-the-blank": "0.0.5"
      }
    },
    "node_modules/fill-in-the-blank": {
      "version": "0.0.5",
      "resolved": "https://registry.npmjs.org/fill-in-the-blank/-/fill-in-the-blank-0.0.5.tgz",
      "integrity": "sha512-6eH38sGfJ0TtMLV7jkrr1WXzH5ylqUkQFMsUCF48zF3EjWzdwV6BM0u47HbSWOZM5KMZJW1i0vc76Yf9gbJuoQ==",
      "license": "MIT"
    }
  }
}
