{
  "name": "package-sitter-elementory",
  "lockfileVersion": 3,
  "requires": true,
  "packages": {
    "": {
      "name": "package-sitter-elementory",
      "dependencies": {
        "elementory": "1.2.6"
      }
    },
    "node_modules/elementory": {
      "version": "1.2.6",
      "resolved": "https://registry.npmjs.org/elementory/-/elementory-1.2.6.tgz",
      "integrity": "sha512-gPu9h8hJyXlLNhmkc5r9ohfsjK9I1IRb26WoaaySGaAem5vjfzwM0INWtzg7E2PdL8wdDj16AeSfNqp1MMDPXg==",
      "license": "MIT"
    }
  }
}
